Microsoft Visual Studio Solution File, Format Version 12.00
# Visual Studio Version 17
VisualStudioVersion = 17.4.33403.182
MinimumVisualStudioVersion = 16.0.0.0
Project("{9A19103F-16F7-4668-BE54-9A1E7A4F7556}") = "CallCenter.Server", "Server\CallCenter.Server.csproj", "{3012DC8D-38DA-43C6-B6B5-71E412F7FEE9}"
EndProject
Project("{9A19103F-16F7-4668-BE54-9A1E7A4F7556}") = "CallCenter.Client", "Client\CallCenter.Client.csproj", "{035084FF-47A0-45BB-BD54-0D377C382534}"
EndProject
Project("{9A19103F-16F7-4668-BE54-9A1E7A4F7556}") = "CallCenter.Shared", "Shared\CallCenter.Shared.csproj", "{9BB0DDB2-25A9-4810-82DD-065E89FBB823}"
EndProject
Project("{FAE04EC0-301F-11D3-BF4B-00C04F79EFBC}") = "ClientTests", "ClientTests\ClientTests.csproj", "{EAB51120-CC7F-4262-AE9C-69DCF3ED2029}"
EndProject
Project("{FAE04EC0-301F-11D3-BF4B-00C04F79EFBC}") = "CallCenter.Data", "Data\CallCenter.Data.csproj", "{33D4B157-B960-456C-85CB-D7C1428E9B83}"
EndProject
Project("{FAE04EC0-301F-11D3-BF4B-00C04F79EFBC}") = "DataTests", "DataTests\DataTests.csproj", "{EDB6B226-7804-43BC-93F7-3089E8795AB2}"
EndProject
Global
	GlobalSection(SolutionConfigurationPlatforms) = preSolution
		Debug|Any CPU = Debug|Any CPU
		Debug|x64 = Debug|x64
		Debug|x86 = Debug|x86
		Release|Any CPU = Release|Any CPU
		Release|x64 = Release|x64
		Release|x86 = Release|x86
	EndGlobalSection
	GlobalSection(ProjectConfigurationPlatforms) = postSolution
		{3012DC8D-38DA-43C6-B6B5-71E412F7FEE9}.Debug|Any CPU.ActiveCfg = Debug|Any CPU
		{3012DC8D-38DA-43C6-B6B5-71E412F7FEE9}.Debug|Any CPU.Build.0 = Debug|Any CPU
		{3012DC8D-38DA-43C6-B6B5-71E412F7FEE9}.Debug|x64.ActiveCfg = Debug|Any CPU
		{3012DC8D-38DA-43C6-B6B5-71E412F7FEE9}.Debug|x64.Build.0 = Debug|Any CPU
		{3012DC8D-38DA-43C6-B6B5-71E412F7FEE9}.Debug|x86.ActiveCfg = Debug|Any CPU
		{3012DC8D-38DA-43C6-B6B5-71E412F7FEE9}.Debug|x86.Build.0 = Debug|Any CPU
		{3012DC8D-38DA-43C6-B6B5-71E412F7FEE9}.Release|Any CPU.ActiveCfg = Release|Any CPU
		{3012DC8D-38DA-43C6-B6B5-71E412F7FEE9}.Release|Any CPU.Build.0 = Release|Any CPU
		{3012DC8D-38DA-43C6-B6B5-71E412F7FEE9}.Release|x64.ActiveCfg = Release|Any CPU
		{3012DC8D-38DA-43C6-B6B5-71E412F7FEE9}.Release|x64.Build.0 = Release|Any CPU
		{3012DC8D-38DA-43C6-B6B5-71E412F7FEE9}.Release|x86.ActiveCfg = Release|Any CPU
		{3012DC8D-38DA-43C6-B6B5-71E412F7FEE9}.Release|x86.Build.0 = Release|Any CPU
		{035084FF-47A0-45BB-BD54-0D377C382534}.Debug|Any CPU.ActiveCfg = Debug|Any CPU
		{035084FF-47A0-45BB-BD54-0D377C382534}.Debug|Any CPU.Build.0 = Debug|Any CPU
		{035084FF-47A0-45BB-BD54-0D377C382534}.Debug|x64.ActiveCfg = Debug|Any CPU
		{035084FF-47A0-45BB-BD54-0D377C382534}.Debug|x64.Build.0 = Debug|Any CPU
		{035084FF-47A0-45BB-BD54-0D377C382534}.Debug|x86.ActiveCfg = Debug|Any CPU
		{035084FF-47A0-45BB-BD54-0D377C382534}.Debug|x86.Build.0 = Debug|Any CPU
		{035084FF-47A0-45BB-BD54-0D377C382534}.Release|Any CPU.ActiveCfg = Release|Any CPU
		{035084FF-47A0-45BB-BD54-0D377C382534}.Release|Any CPU.Build.0 = Release|Any CPU
		{035084FF-47A0-45BB-BD54-0D377C382534}.Release|x64.ActiveCfg = Release|Any CPU
		{035084FF-47A0-45BB-BD54-0D377C382534}.Release|x64.Build.0 = Release|Any CPU
		{035084FF-47A0-45BB-BD54-0D377C382534}.Release|x86.ActiveCfg = Release|Any CPU
		{035084FF-47A0-45BB-BD54-0D377C382534}.Release|x86.Build.0 = Release|Any CPU
		{9BB0DDB2-25A9-4810-82DD-065E89FBB823}.Debug|Any CPU.ActiveCfg = Debug|Any CPU
		{9BB0DDB2-25A9-4810-82DD-065E89FBB823}.Debug|Any CPU.Build.0 = Debug|Any CPU
		{9BB0DDB2-25A9-4810-82DD-065E89FBB823}.Debug|x64.ActiveCfg = Debug|Any CPU
		{9BB0DDB2-25A9-4810-82DD-065E89FBB823}.Debug|x64.Build.0 = Debug|Any CPU
		{9BB0DDB2-25A9-4810-82DD-065E89FBB823}.Debug|x86.ActiveCfg = Debug|Any CPU
		{9BB0DDB2-25A9-4810-82DD-065E89FBB823}.Debug|x86.Build.0 = Debug|Any CPU
		{9BB0DDB2-25A9-4810-82DD-065E89FBB823}.Release|Any CPU.ActiveCfg = Release|Any CPU
		{9BB0DDB2-25A9-4810-82DD-065E89FBB823}.Release|Any CPU.Build.0 = Release|Any CPU
		{9BB0DDB2-25A9-4810-82DD-065E89FBB823}.Release|x64.ActiveCfg = Release|Any CPU
		{9BB0DDB2-25A9-4810-82DD-065E89FBB823}.Release|x64.Build.0 = Release|Any CPU
		{9BB0DDB2-25A9-4810-82DD-065E89FBB823}.Release|x86.ActiveCfg = Release|Any CPU
		{9BB0DDB2-25A9-4810-82DD-065E89FBB823}.Release|x86.Build.0 = Release|Any CPU
		{EAB51120-CC7F-4262-AE9C-69DCF3ED2029}.Debug|Any CPU.ActiveCfg = Debug|Any CPU
		{EAB51120-CC7F-4262-AE9C-69DCF3ED2029}.Debug|Any CPU.Build.0 = Debug|Any CPU
		{EAB51120-CC7F-4262-AE9C-69DCF3ED2029}.Debug|x64.ActiveCfg = Debug|Any CPU
		{EAB51120-CC7F-4262-AE9C-69DCF3ED2029}.Debug|x64.Build.0 = Debug|Any CPU
		{EAB51120-CC7F-4262-AE9C-69DCF3ED2029}.Debug|x86.ActiveCfg = Debug|Any CPU
		{EAB51120-CC7F-4262-AE9C-69DCF3ED2029}.Debug|x86.Build.0 = Debug|Any CPU
		{EAB51120-CC7F-4262-AE9C-69DCF3ED2029}.Release|Any CPU.ActiveCfg = Release|Any CPU
		{EAB51120-CC7F-4262-AE9C-69DCF3ED2029}.Release|Any CPU.Build.0 = Release|Any CPU
		{EAB51120-CC7F-4262-AE9C-69DCF3ED2029}.Release|x64.ActiveCfg = Release|Any CPU
		{EAB51120-CC7F-4262-AE9C-69DCF3ED2029}.Release|x64.Build.0 = Release|Any CPU
		{EAB51120-CC7F-4262-AE9C-69DCF3ED2029}.Release|x86.ActiveCfg = Release|Any CPU
		{EAB51120-CC7F-4262-AE9C-69DCF3ED2029}.Release|x86.Build.0 = Release|Any CPU
		{33D4B157-B960-456C-85CB-D7C1428E9B83}.Debug|Any CPU.ActiveCfg = Debug|Any CPU
		{33D4B157-B960-456C-85CB-D7C1428E9B83}.Debug|Any CPU.Build.0 = Debug|Any CPU
		{33D4B157-B960-456C-85CB-D7C1428E9B83}.Debug|x64.ActiveCfg = Debug|Any CPU
		{33D4B157-B960-456C-85CB-D7C1428E9B83}.Debug|x64.Build.0 = Debug|Any CPU
		{33D4B157-B960-456C-85CB-D7C1428E9B83}.Debug|x86.ActiveCfg = Debug|Any CPU
		{33D4B157-B960-456C-85CB-D7C1428E9B83}.Debug|x86.Build.0 = Debug|Any CPU
		{33D4B157-B960-456C-85CB-D7C1428E9B83}.Release|Any CPU.ActiveCfg = Release|Any CPU
		{33D4B157-B960-456C-85CB-D7C1428E9B83}.Release|Any CPU.Build.0 = Release|Any CPU
		{33D4B157-B960-456C-85CB-D7C1428E9B83}.Release|x64.ActiveCfg = Release|Any CPU
		{33D4B157-B960-456C-85CB-D7C1428E9B83}.Release|x64.Build.0 = Release|Any CPU
		{33D4B157-B960-456C-85CB-D7C1428E9B83}.Release|x86.ActiveCfg = Release|Any CPU
		{33D4B157-B960-456C-85CB-D7C1428E9B83}.Release|x86.Build.0 = Release|Any CPU
		{EDB6B226-7804-43BC-93F7-3089E8795AB2}.Debug|Any CPU.ActiveCfg = Debug|Any CPU
		{EDB6B226-7804-43BC-93F7-3089E8795AB2}.Debug|Any CPU.Build.0 = Debug|Any CPU
		{EDB6B226-7804-43BC-93F7-3089E8795AB2}.Debug|x64.ActiveCfg = Debug|Any CPU
		{EDB6B226-7804-43BC-93F7-3089E8795AB2}.Debug|x64.Build.0 = Debug|Any CPU
		{EDB6B226-7804-43BC-93F7-3089E8795AB2}.Debug|x86.ActiveCfg = Debug|Any CPU
		{EDB6B226-7804-43BC-93F7-3089E8795AB2}.Debug|x86.Build.0 = Debug|Any CPU
		{EDB6B226-7804-43BC-93F7-3089E8795AB2}.Release|Any CPU.ActiveCfg = Release|Any CPU
		{EDB6B226-7804-43BC-93F7-3089E8795AB2}.Release|Any CPU.Build.0 = Release|Any CPU
		{EDB6B226-7804-43BC-93F7-3089E8795AB2}.Release|x64.ActiveCfg = Release|Any CPU
		{EDB6B226-7804-43BC-93F7-3089E8795AB2}.Release|x64.Build.0 = Release|Any CPU
		{EDB6B226-7804-43BC-93F7-3089E8795AB2}.Release|x86.ActiveCfg = Release|Any CPU
		{EDB6B226-7804-43BC-93F7-3089E8795AB2}.Release|x86.Build.0 = Release|Any CPU
	EndGlobalSection
	GlobalSection(SolutionProperties) = preSolution
		HideSolutionNode = FALSE
	EndGlobalSection
	GlobalSection(ExtensibilityGlobals) = postSolution
		SolutionGuid = {AE4004A2-5E58-40EF-9348-3EA4BDD9ECAD}
	EndGlobalSection
EndGlobal
